
Microsoft Visual Studio Solution File, Format Version 12.00
# Visual Studio Version 16
VisualStudioVersion = 16.0.31624.102
MinimumVisualStudioVersion = 10.0.40219.1
Project("{FAE04EC0-301F-11D3-BF4B-00C04F79EFBC}") = "DoD", "DoD\DoD.csproj", "{C71E7D81-7F55-4D10-BBD0-2FF4B0FAA48B}"
EndProject
Global
	GlobalSection(SolutionConfigurationPlatforms) = preSolution
		Debug|Any CPU = Debug|Any CPU
		Release|Any CPU = Release|Any CPU
	EndGlobalSection
	GlobalSection(ProjectConfigurationPlatforms) = postSolution
		{C71E7D81-7F55-4D10-BBD0-2FF4B0FAA48B}.Debug|Any CPU.ActiveCfg = Debug|Any CPU
		{C71E7D81-7F55-4D10-BBD0-2FF4B0FAA48B}.Debug|Any CPU.Build.0 = Debug|Any CPU
		{C71E7D81-7F55-4D10-BBD0-2FF4B0FAA48B}.Release|Any CPU.ActiveCfg = Release|Any CPU
		{C71E7D81-7F55-4D10-BBD0-2FF4B0FAA48B}.Release|Any CPU.Build.0 = Release|Any CPU
	EndGlobalSection
	GlobalSection(SolutionProperties) = preSolution
		HideSolutionNode = FALSE
	EndGlobalSection
	GlobalSection(ExtensibilityGlobals) = postSolution
		SolutionGuid = {FAC83C62-2CF9-4331-BC06-4D73E67AB1AB}
	EndGlobalSection
EndGlobal
